
Microsoft Visual Studio Solution File, Format Version 12.00
# Visual Studio Version 17
VisualStudioVersion = 17.4.33110.190
MinimumVisualStudioVersion = 10.0.40219.1
Project("{FAE04EC0-301F-11D3-BF4B-00C04F79EFBC}") = "WebApi", "WebApi\WebApi.csproj", "{10127A10-3078-40AF-BC32-9F0FE9D12885}"
EndProject
Project("{FAE04EC0-301F-11D3-BF4B-00C04F79EFBC}") = "WebMVC", "WebMVC\WebMVC.csproj", "{F62EF8A6-7843-4BFA-AA62-C8B157B95EF0}"
EndProject
Global
	GlobalSection(SolutionConfigurationPlatforms) = preSolution
		Debug|Any CPU = Debug|Any CPU
		Release|Any CPU = Release|Any CPU
	EndGlobalSection
	GlobalSection(ProjectConfigurationPlatforms) = postSolution
		{10127A10-3078-40AF-BC32-9F0FE9D12885}.Debug|Any CPU.ActiveCfg = Debug|Any CPU
		{10127A10-3078-40AF-BC32-9F0FE9D12885}.Debug|Any CPU.Build.0 = Debug|Any CPU
		{10127A10-3078-40AF-BC32-9F0FE9D12885}.Release|Any CPU.ActiveCfg = Release|Any CPU
		{10127A10-3078-40AF-BC32-9F0FE9D12885}.Release|Any CPU.Build.0 = Release|Any CPU
		{F62EF8A6-7843-4BFA-AA62-C8B157B95EF0}.Debug|Any CPU.ActiveCfg = Debug|Any CPU
		{F62EF8A6-7843-4BFA-AA62-C8B157B95EF0}.Debug|Any CPU.Build.0 = Debug|Any CPU
		{F62EF8A6-7843-4BFA-AA62-C8B157B95EF0}.Release|Any CPU.ActiveCfg = Release|Any CPU
		{F62EF8A6-7843-4BFA-AA62-C8B157B95EF0}.Release|Any CPU.Build.0 = Release|Any CPU
	EndGlobalSection
	GlobalSection(SolutionProperties) = preSolution
		HideSolutionNode = FALSE
	EndGlobalSection
	GlobalSection(ExtensibilityGlobals) = postSolution
		SolutionGuid = {C49F759C-A1A8-433B-A391-3C90E74F234C}
	EndGlobalSection
EndGlobal
